// !$*UTF8*$!
{
	archiveVersion = 1;
	classes = {
	};
	objectVersion = 56;
	objects = {

/* Begin PBXBuildFile section */
		618F4A5F2A30E0B400C9F147 /* BlueButtonApp.swift in Sources */ = {isa = PBXBuildFile; fileRef = 618F4A5E2A30E0B400C9F147 /* BlueButtonApp.swift */; };
		618F4A612A30E0B400C9F147 /* ContentView.swift in Sources */ = {isa = PBXBuildFile; fileRef = 618F4A602A30E0B400C9F147 /* ContentView.swift */; };
		618F4A632A30E0B500C9F147 /* Assets.xcassets in Resources */ = {isa = PBXBuildFile; fileRef = 618F4A622A30E0B500C9F147 /* Assets.xcassets */; };
		618F4A662A30E0B500C9F147 /* Preview Assets.xcassets in Resources */ = {isa = PBXBuildFile; fileRef = 618F4A652A30E0B500C9F147 /* Preview Assets.xcassets */; };
		618F4A712A30E0B500C9F147 /* BlueButtonTests.swift in Sources */ = {isa = PBXBuildFile; fileRef = 618F4A702A30E0B500C9F147 /* BlueButtonTests.swift */; };
		618F4A7B2A30E0B500C9F147 /* BlueButtonUITests.swift in Sources */ = {isa = PBXBuildFile; fileRef = 618F4A7A2A30E0B500C9F147 /* BlueButtonUITests.swift */; };
		618F4A7D2A30E0B500C9F147 /* BlueButtonUITestsLaunchTests.swift in Sources */ = {isa = PBXBuildFile; fileRef = 618F4A7C2A30E0B500C9F147 /* BlueButtonUITestsLaunchTests.swift */; };
		618F4A8B2A30E19100C9F147 /* BlueButton.swift in Sources */ = {isa = PBXBuildFile; fileRef = 618F4A8A2A30E19100C9F147 /* BlueButton.swift */; };
/* End PBXBuildFile section */

/* Begin PBXContainerItemProxy section */
		618F4A6D2A30E0B500C9F147 /* PBXContainerItemProxy */ = {
			isa = PBXContainerItemProxy;
			containerPortal = 618F4A532A30E0B400C9F147 /* Project object */;
			proxyType = 1;
			remoteGlobalIDString = 618F4A5A2A30E0B400C9F147;
			remoteInfo = BlueButton;
		};
		618F4A772A30E0B500C9F147 /* PBXContainerItemProxy */ = {
			isa = PBXContainerItemProxy;
			containerPortal = 618F4A532A30E0B400C9F147 /* Project object */;
			proxyType = 1;
			remoteGlobalIDString = 618F4A5A2A30E0B400C9F147;
			remoteInfo = BlueButton;
		};
/* End PBXContainerItemProxy section */

/* Begin PBXFileReference section */
		618F4A5B2A30E0B400C9F147 /* BlueButton.app */ = {isa = PBXFileReference; explicitFileType = wrapper.application; includeInIndex = 0; path = BlueButton.app; sourceTree = BUILT_PRODUCTS_DIR; };
		618F4A5E2A30E0B400C9F147 /* BlueButtonApp.swift */ = {isa = PBXFileReference; lastKnownFileType = sourcecode.swift; path = BlueButtonApp.swift; sourceTree = "<group>"; };
		618F4A602A30E0B400C9F147 /* ContentView.swift */ = {isa = PBXFileReference; lastKnownFileType = sourcecode.swift; path = ContentView.swift; sourceTree = "<group>"; };
		618F4A622A30E0B500C9F147 /* Assets.xcassets */ = {isa = PBXFileReference; lastKnownFileType = folder.assetcatalog; path = Assets.xcassets; sourceTree = "<group>"; };
		618F4A652A30E0B500C9F147 /* Preview Assets.xcassets */ = {isa = PBXFileReference; lastKnownFileType = folder.assetcatalog; path = "Preview Assets.xcassets"; sourceTree = "<group>"; };
		618F4A672A30E0B500C9F147 /* BlueButton.entitlements */ = {isa = PBXFileReference; lastKnownFileType = text.plist.entitlements; path = BlueButton.entitlements; sourceTree = "<group>"; };
		618F4A6C2A30E0B500C9F147 /* BlueButtonTests.xctest */ = {isa = PBXFileReference; explicitFileType = wrapper.cfbundle; includeInIndex = 0; path = BlueButtonTests.xctest; sourceTree = BUILT_PRODUCTS_DIR; };
		618F4A702A30E0B500C9F147 /* BlueButtonTests.swift */ = {isa = PBXFileReference; lastKnownFileType = sourcecode.swift; path = BlueButtonTests.swift; sourceTree = "<group>"; };
		618F4A762A30E0B500C9F147 /* BlueButtonUITests.xctest */ = {isa = PBXFileReference; explicitFileType = wrapper.cfbundle; includeInIndex = 0; path = BlueButtonUITests.xctest; sourceTree = BUILT_PRODUCTS_DIR; };
		618F4A7A2A30E0B500C9F147 /* BlueButtonUITests.swift */ = {isa = PBXFileReference; lastKnownFileType = sourcecode.swift; path = BlueButtonUITests.swift; sourceTree = "<group>"; };
		618F4A7C2A30E0B500C9F147 /* BlueButtonUITestsLaunchTests.swift */ = {isa = PBXFileReference; lastKnownFileType = sourcecode.swift; path = BlueButtonUITestsLaunchTests.swift; sourceTree = "<group>"; };
		618F4A8A2A30E19100C9F147 /* BlueButton.swift */ = {isa = PBXFileReference; lastKnownFileType = sourcecode.swift; path = BlueButton.swift; sourceTree = "<group>"; };
/* End PBXFileReference section */

/* Begin PBXFrameworksBuildPhase section */
		618F4A582A30E0B400C9F147 /* Frameworks */ = {
			isa = PBXFrameworksBuildPhase;
			buildActionMask = 2147483647;
			files = (
			);
			runOnlyForDeploymentPostprocessing = 0;
		};
		618F4A692A30E0B500C9F147 /* Frameworks */ = {
			isa = PBXFrameworksBuildPhase;
			buildActionMask = 2147483647;
			files = (
			);
			runOnlyForDeploymentPostprocessing = 0;
		};
		618F4A732A30E0B500C9F147 /* Frameworks */ = {
			isa = PBXFrameworksBuildPhase;
			buildActionMask = 2147483647;
			files = (
			);
			runOnlyForDeploymentPostprocessing = 0;
		};
/* End PBXFrameworksBuildPhase section */

/* Begin PBXGroup section */
		618F4A522A30E0B400C9F147 = {
			isa = PBXGroup;
			children = (
				618F4A5D2A30E0B400C9F147 /* BlueButton */,
				618F4A6F2A30E0B500C9F147 /* BlueButtonTests */,
				618F4A792A30E0B500C9F147 /* BlueButtonUITests */,
				618F4A5C2A30E0B400C9F147 /* Products */,
			);
			sourceTree = "<group>";
		};
		618F4A5C2A30E0B400C9F147 /* Products */ = {
			isa = PBXGroup;
			children = (
				618F4A5B2A30E0B400C9F147 /* BlueButton.app */,
				618F4A6C2A30E0B500C9F147 /* BlueButtonTests.xctest */,
				618F4A762A30E0B500C9F147 /* BlueButtonUITests.xctest */,
			);
			name = Products;
			sourceTree = "<group>";
		};
		618F4A5D2A30E0B400C9F147 /* BlueButton */ = {
			isa = PBXGroup;
			children = (
				618F4A5E2A30E0B400C9F147 /* BlueButtonApp.swift */,
				618F4A602A30E0B400C9F147 /* ContentView.swift */,
				618F4A622A30E0B500C9F147 /* Assets.xcassets */,
				618F4A672A30E0B500C9F147 /* BlueButton.entitlements */,
				618F4A642A30E0B500C9F147 /* Preview Content */,
				618F4A8A2A30E19100C9F147 /* BlueButton.swift */,
			);
			path = BlueButton;
			sourceTree = "<group>";
		};
		618F4A642A30E0B500C9F147 /* Preview Content */ = {
			isa = PBXGroup;
			children = (
				618F4A652A30E0B500C9F147 /* Preview Assets.xcassets */,
			);
			path = "Preview Content";
			sourceTree = "<group>";
		};
		618F4A6F2A30E0B500C9F147 /* BlueButtonTests */ = {
			isa = PBXGroup;
			children = (
				618F4A702A30E0B500C9F147 /* BlueButtonTests.swift */,
			);
			path = BlueButtonTests;
			sourceTree = "<group>";
		};
		618F4A792A30E0B500C9F147 /* BlueButtonUITests */ = {
			isa = PBXGroup;
			children = (
				618F4A7A2A30E0B500C9F147 /* BlueButtonUITests.swift */,
				618F4A7C2A30E0B500C9F147 /* BlueButtonUITestsLaunchTests.swift */,
			);
			path = BlueButtonUITests;
			sourceTree = "<group>";
		};
/* End PBXGroup section */

/* Begin PBXNativeTarget section */
		618F4A5A2A30E0B400C9F147 /* BlueButton */ = {
			isa = PBXNativeTarget;
			buildConfigurationList = 618F4A802A30E0B500C9F147 /* Build configuration list for PBXNativeTarget "BlueButton" */;
			buildPhases = (
				618F4A572A30E0B400C9F147 /* Sources */,
				618F4A582A30E0B400C9F147 /* Frameworks */,
				618F4A592A30E0B400C9F147 /* Resources */,
			);
			buildRules = (
			);
			dependencies = (
			);
			name = BlueButton;
			productName = BlueButton;
			productReference = 618F4A5B2A30E0B400C9F147 /* BlueButton.app */;
			productType = "com.apple.product-type.application";
		};
		618F4A6B2A30E0B500C9F147 /* BlueButtonTests */ = {
			isa = PBXNativeTarget;
			buildConfigurationList = 618F4A832A30E0B500C9F147 /* Build configuration list for PBXNativeTarget "BlueButtonTests" */;
			buildPhases = (
				618F4A682A30E0B500C9F147 /* Sources */,
				618F4A692A30E0B500C9F147 /* Frameworks */,
				618F4A6A2A30E0B500C9F147 /* Resources */,
			);
			buildRules = (
			);
			dependencies = (
				618F4A6E2A30E0B500C9F147 /* PBXTargetDependency */,
			);
			name = BlueButtonTests;
			productName = BlueButtonTests;
			productReference = 618F4A6C2A30E0B500C9F147 /* BlueButtonTests.xctest */;
			productType = "com.apple.product-type.bundle.unit-test";
		};
		618F4A752A30E0B500C9F147 /* BlueButtonUITests */ = {
			isa = PBXNativeTarget;
			buildConfigurationList = 618F4A862A30E0B500C9F147 /* Build configuration list for PBXNativeTarget "BlueButtonUITests" */;
			buildPhases = (
				618F4A722A30E0B500C9F147 /* Sources */,
				618F4A732A30E0B500C9F147 /* Frameworks */,
				618F4A742A30E0B500C9F147 /* Resources */,
			);
			buildRules = (
			);
			dependencies = (
				618F4A782A30E0B500C9F147 /* PBXTargetDependency */,
			);
			name = BlueButtonUITests;
			productName = BlueButtonUITests;
			productReference = 618F4A762A30E0B500C9F147 /* BlueButtonUITests.xctest */;
			productType = "com.apple.product-type.bundle.ui-testing";
		};
/* End PBXNativeTarget section */

/* Begin PBXProject section */
		618F4A532A30E0B400C9F147 /* Project object */ = {
			isa = PBXProject;
			attributes = {
				BuildIndependentTargetsInParallel = 1;
				LastSwiftUpdateCheck = 1430;
				LastUpgradeCheck = 1430;
				TargetAttributes = {
					618F4A5A2A30E0B400C9F147 = {
						CreatedOnToolsVersion = 14.3.1;
					};
					618F4A6B2A30E0B500C9F147 = {
						CreatedOnToolsVersion = 14.3.1;
						TestTargetID = 618F4A5A2A30E0B400C9F147;
					};
					618F4A752A30E0B500C9F147 = {
						CreatedOnToolsVersion = 14.3.1;
						TestTargetID = 618F4A5A2A30E0B400C9F147;
					};
				};
			};
			buildConfigurationList = 618F4A562A30E0B400C9F147 /* Build configuration list for PBXProject "BlueButton" */;
			compatibilityVersion = "Xcode 14.0";
			developmentRegion = en;
			hasScannedForEncodings = 0;
			knownRegions = (
				en,
				Base,
			);
			mainGroup = 618F4A522A30E0B400C9F147;
			productRefGroup = 618F4A5C2A30E0B400C9F147 /* Products */;
			projectDirPath = "";
			projectRoot = "";
			targets = (
				618F4A5A2A30E0B400C9F147 /* BlueButton */,
				618F4A6B2A30E0B500C9F147 /* BlueButtonTests */,
				618F4A752A30E0B500C9F147 /* BlueButtonUITests */,
			);
		};
/* End PBXProject section */

/* Begin PBXResourcesBuildPhase section */
		618F4A592A30E0B400C9F147 /* Resources */ = {
			isa = PBXResourcesBuildPhase;
			buildActionMask = 2147483647;
			files = (
				618F4A662A30E0B500C9F147 /* Preview Assets.xcassets in Resources */,
				618F4A632A30E0B500C9F147 /* Assets.xcassets in Resources */,
			);
			runOnlyForDeploymentPostprocessing = 0;
		};
		618F4A6A2A30E0B500C9F147 /* Resources */ = {
			isa = PBXResourcesBuildPhase;
			buildActionMask = 2147483647;
			files = (
			);
			runOnlyForDeploymentPostprocessing = 0;
		};
		618F4A742A30E0B500C9F147 /* Resources */ = {
			isa = PBXResourcesBuildPhase;
			buildActionMask = 2147483647;
			files = (
			);
			runOnlyForDeploymentPostprocessing = 0;
		};
/* End PBXResourcesBuildPhase section */

/* Begin PBXSourcesBuildPhase section */
		618F4A572A30E0B400C9F147 /* Sources */ = {
			isa = PBXSourcesBuildPhase;
			buildActionMask = 2147483647;
			files = (
				618F4A612A30E0B400C9F147 /* ContentView.swift in Sources */,
				618F4A5F2A30E0B400C9F147 /* BlueButtonApp.swift in Sources */,
				618F4A8B2A30E19100C9F147 /* BlueButton.swift in Sources */,
			);
			runOnlyForDeploymentPostprocessing = 0;
		};
		618F4A682A30E0B500C9F147 /* Sources */ = {
			isa = PBXSourcesBuildPhase;
			buildActionMask = 2147483647;
			files = (
				618F4A712A30E0B500C9F147 /* BlueButtonTests.swift in Sources */,
			);
			runOnlyForDeploymentPostprocessing = 0;
		};
		618F4A722A30E0B500C9F147 /* Sources */ = {
			isa = PBXSourcesBuildPhase;
			buildActionMask = 2147483647;
			files = (
				618F4A7D2A30E0B500C9F147 /* BlueButtonUITestsLaunchTests.swift in Sources */,
				618F4A7B2A30E0B500C9F147 /* BlueButtonUITests.swift in Sources */,
			);
			runOnlyForDeploymentPostprocessing = 0;
		};
/* End PBXSourcesBuildPhase section */

/* Begin PBXTargetDependency section */
		618F4A6E2A30E0B500C9F147 /* PBXTargetDependency */ = {
			isa = PBXTargetDependency;
			target = 618F4A5A2A30E0B400C9F147 /* BlueButton */;
			targetProxy = 618F4A6D2A30E0B500C9F147 /* PBXContainerItemProxy */;
		};
		618F4A782A30E0B500C9F147 /* PBXTargetDependency */ = {
			isa = PBXTargetDependency;
			target = 618F4A5A2A30E0B400C9F147 /* BlueButton */;
			targetProxy = 618F4A772A30E0B500C9F147 /* PBXContainerItemProxy */;
		};
/* End PBXTargetDependency section */

/* Begin XCBuildConfiguration section */
		618F4A7E2A30E0B500C9F147 /* Debug */ = {
			isa = XCBuildConfiguration;
			buildSettings = {
				ALWAYS_SEARCH_USER_PATHS = NO;
				CLANG_ANALYZER_NONNULL = YES;
				CLANG_ANALYZER_NUMBER_OBJECT_CONVERSION = YES_AGGRESSIVE;
				CLANG_CXX_LANGUAGE_STANDARD = "gnu++20";
				CLANG_ENABLE_MODULES = YES;
				CLANG_ENABLE_OBJC_ARC = YES;
				CLANG_ENABLE_OBJC_WEAK = YES;
				CLANG_WARN_BLOCK_CAPTURE_AUTORELEASING = YES;
				CLANG_WARN_BOOL_CONVERSION = YES;
				CLANG_WARN_COMMA = YES;
				CLANG_WARN_CONSTANT_CONVERSION = YES;
				CLANG_WARN_DEPRECATED_OBJC_IMPLEMENTATIONS = YES;
				CLANG_WARN_DIRECT_OBJC_ISA_USAGE = YES_ERROR;
				CLANG_WARN_DOCUMENTATION_COMMENTS = YES;
				CLANG_WARN_EMPTY_BODY = YES;
				CLANG_WARN_ENUM_CONVERSION = YES;
				CLANG_WARN_INFINITE_RECURSION = YES;
				CLANG_WARN_INT_CONVERSION = YES;
				CLANG_WARN_NON_LITERAL_NULL_CONVERSION = YES;
				CLANG_WARN_OBJC_IMPLICIT_RETAIN_SELF = YES;
				CLANG_WARN_OBJC_LITERAL_CONVERSION = YES;
				CLANG_WARN_OBJC_ROOT_CLASS = YES_ERROR;
				CLANG_WARN_QUOTED_INCLUDE_IN_FRAMEWORK_HEADER = YES;
				CLANG_WARN_RANGE_LOOP_ANALYSIS = YES;
				CLANG_WARN_STRICT_PROTOTYPES = YES;
				CLANG_WARN_SUSPICIOUS_MOVE = YES;
				CLANG_WARN_UNGUARDED_AVAILABILITY = YES_AGGRESSIVE;
				CLANG_WARN_UNREACHABLE_CODE = YES;
				CLANG_WARN__DUPLICATE_METHOD_MATCH = YES;
				COPY_PHASE_STRIP = NO;
				DEBUG_INFORMATION_FORMAT = dwarf;
				ENABLE_STRICT_OBJC_MSGSEND = YES;
				ENABLE_TESTABILITY = YES;
				GCC_C_LANGUAGE_STANDARD = gnu11;
				GCC_DYNAMIC_NO_PIC = NO;
				GCC_NO_COMMON_BLOCKS = YES;
				GCC_OPTIMIZATION_LEVEL = 0;
				GCC_PREPROCESSOR_DEFINITIONS = (
					"DEBUG=1",
					"$(inherited)",
				);
				GCC_WARN_64_TO_32_BIT_CONVERSION = YES;
				GCC_WARN_ABOUT_RETURN_TYPE = YES_ERROR;
				GCC_WARN_UNDECLARED_SELECTOR = YES;
				GCC_WARN_UNINITIALIZED_AUTOS = YES_AGGRESSIVE;
				GCC_WARN_UNUSED_FUNCTION = YES;
				GCC_WARN_UNUSED_VARIABLE = YES;
				MACOSX_DEPLOYMENT_TARGET = 13.3;
				MTL_ENABLE_DEBUG_INFO = INCLUDE_SOURCE;
				MTL_FAST_MATH = YES;
				ONLY_ACTIVE_ARCH = YES;
				SDKROOT = macosx;
				SWIFT_ACTIVE_COMPILATION_CONDITIONS = DEBUG;
				SWIFT_OPTIMIZATION_LEVEL = "-Onone";
			};
			name = Debug;
		};
		618F4A7F2A30E0B500C9F147 /* Release */ = {
			isa = XCBuildConfiguration;
			buildSettings = {
				ALWAYS_SEARCH_USER_PATHS = NO;
				CLANG_ANALYZER_NONNULL = YES;
				CLANG_ANALYZER_NUMBER_OBJECT_CONVERSION = YES_AGGRESSIVE;
				CLANG_CXX_LANGUAGE_STANDARD = "gnu++20";
				CLANG_ENABLE_MODULES = YES;
				CLANG_ENABLE_OBJC_ARC = YES;
				CLANG_ENABLE_OBJC_WEAK = YES;
				CLANG_WARN_BLOCK_CAPTURE_AUTORELEASING = YES;
				CLANG_WARN_BOOL_CONVERSION = YES;
				CLANG_WARN_COMMA = YES;
				CLANG_WARN_CONSTANT_CONVERSION = YES;
				CLANG_WARN_DEPRECATED_OBJC_IMPLEMENTATIONS = YES;
				CLANG_WARN_DIRECT_OBJC_ISA_USAGE = YES_ERROR;
				CLANG_WARN_DOCUMENTATION_COMMENTS = YES;
				CLANG_WARN_EMPTY_BODY = YES;
				CLANG_WARN_ENUM_CONVERSION = YES;
				CLANG_WARN_INFINITE_RECURSION = YES;
				CLANG_WARN_INT_CONVERSION = YES;
				CLANG_WARN_NON_LITERAL_NULL_CONVERSION = YES;
				CLANG_WARN_OBJC_IMPLICIT_RETAIN_SELF = YES;
				CLANG_WARN_OBJC_LITERAL_CONVERSION = YES;
				CLANG_WARN_OBJC_ROOT_CLASS = YES_ERROR;
				CLANG_WARN_QUOTED_INCLUDE_IN_FRAMEWORK_HEADER = YES;
				CLANG_WARN_RANGE_LOOP_ANALYSIS = YES;
				CLANG_WARN_STRICT_PROTOTYPES = YES;
				CLANG_WARN_SUSPICIOUS_MOVE = YES;
				CLANG_WARN_UNGUARDED_AVAILABILITY = YES_AGGRESSIVE;
				CLANG_WARN_UNREACHABLE_CODE = YES;
				CLANG_WARN__DUPLICATE_METHOD_MATCH = YES;
				COPY_PHASE_STRIP = NO;
				DEBUG_INFORMATION_FORMAT = "dwarf-with-dsym";
				ENABLE_NS_ASSERTIONS = NO;
				ENABLE_STRICT_OBJC_MSGSEND = YES;
				GCC_C_LANGUAGE_STANDARD = gnu11;
				GCC_NO_COMMON_BLOCKS = YES;
				GCC_WARN_64_TO_32_BIT_CONVERSION = YES;
				GCC_WARN_ABOUT_RETURN_TYPE = YES_ERROR;
				GCC_WARN_UNDECLARED_SELECTOR = YES;
				GCC_WARN_UNINITIALIZED_AUTOS = YES_AGGRESSIVE;
				GCC_WARN_UNUSED_FUNCTION = YES;
				GCC_WARN_UNUSED_VARIABLE = YES;
				MACOSX_DEPLOYMENT_TARGET = 13.3;
				MTL_ENABLE_DEBUG_INFO = NO;
				MTL_FAST_MATH = YES;
				SDKROOT = macosx;
				SWIFT_COMPILATION_MODE = wholemodule;
				SWIFT_OPTIMIZATION_LEVEL = "-O";
			};
			name = Release;
		};
		618F4A812A30E0B500C9F147 /* Debug */ = {
			isa = XCBuildConfiguration;
			buildSettings = {
				ASSETCATALOG_COMPILER_APPICON_NAME = AppIcon;
				ASSETCATALOG_COMPILER_GLOBAL_ACCENT_COLOR_NAME = AccentColor;
				CODE_SIGN_ENTITLEMENTS = BlueButton/BlueButton.entitlements;
				CODE_SIGN_STYLE = Automatic;
				COMBINE_HIDPI_IMAGES = YES;
				CURRENT_PROJECT_VERSION = 1;
				DEVELOPMENT_ASSET_PATHS = "\"BlueButton/Preview Content\"";
				ENABLE_PREVIEWS = YES;
				GENERATE_INFOPLIST_FILE = YES;
				INFOPLIST_KEY_NSHumanReadableCopyright = "";
				LD_RUNPATH_SEARCH_PATHS = (
					"$(inherited)",
					"@executable_path/../Frameworks",
				);
				MARKETING_VERSION = 1.0;
				PRODUCT_BUNDLE_IDENTIFIER = SWN.BlueButton;
				PRODUCT_NAME = "$(TARGET_NAME)";
				SWIFT_EMIT_LOC_STRINGS = YES;
				SWIFT_VERSION = 5.0;
			};
			name = Debug;
		};
		618F4A822A30E0B500C9F147 /* Release */ = {
			isa = XCBuildConfiguration;
			buildSettings = {
				ASSETCATALOG_COMPILER_APPICON_NAME = AppIcon;
				ASSETCATALOG_COMPILER_GLOBAL_ACCENT_COLOR_NAME = AccentColor;
				CODE_SIGN_ENTITLEMENTS = BlueButton/BlueButton.entitlements;
				CODE_SIGN_STYLE = Automatic;
				COMBINE_HIDPI_IMAGES = YES;
				CURRENT_PROJECT_VERSION = 1;
				DEVELOPMENT_ASSET_PATHS = "\"BlueButton/Preview Content\"";
				ENABLE_PREVIEWS = YES;
				GENERATE_INFOPLIST_FILE = YES;
				INFOPLIST_KEY_NSHumanReadableCopyright = "";
				LD_RUNPATH_SEARCH_PATHS = (
					"$(inherited)",
					"@executable_path/../Frameworks",
				);
				MARKETING_VERSION = 1.0;
				PRODUCT_BUNDLE_IDENTIFIER = SWN.BlueButton;
				PRODUCT_NAME = "$(TARGET_NAME)";
				SWIFT_EMIT_LOC_STRINGS = YES;
				SWIFT_VERSION = 5.0;
			};
			name = Release;
		};
		618F4A842A30E0B500C9F147 /* Debug */ = {
			isa = XCBuildConfiguration;
			buildSettings = {
				ALWAYS_EMBED_SWIFT_STANDARD_LIBRARIES = YES;
				BUNDLE_LOADER = "$(TEST_HOST)";
				CODE_SIGN_STYLE = Automatic;
				CURRENT_PROJECT_VERSION = 1;
				GENERATE_INFOPLIST_FILE = YES;
				MACOSX_DEPLOYMENT_TARGET = 13.3;
				MARKETING_VERSION = 1.0;
				PRODUCT_BUNDLE_IDENTIFIER = SWN.BlueButtonTests;
				PRODUCT_NAME = "$(TARGET_NAME)";
				SWIFT_EMIT_LOC_STRINGS = NO;
				SWIFT_VERSION = 5.0;
				TEST_HOST = "$(BUILT_PRODUCTS_DIR)/BlueButton.app/$(BUNDLE_EXECUTABLE_FOLDER_PATH)/BlueButton";
			};
			name = Debug;
		};
		618F4A852A30E0B500C9F147 /* Release */ = {
			isa = XCBuildConfiguration;
			buildSettings = {
				ALWAYS_EMBED_SWIFT_STANDARD_LIBRARIES = YES;
				BUNDLE_LOADER = "$(TEST_HOST)";
				CODE_SIGN_STYLE = Automatic;
				CURRENT_PROJECT_VERSION = 1;
				GENERATE_INFOPLIST_FILE = YES;
				MACOSX_DEPLOYMENT_TARGET = 13.3;
				MARKETING_VERSION = 1.0;
				PRODUCT_BUNDLE_IDENTIFIER = SWN.BlueButtonTests;
				PRODUCT_NAME = "$(TARGET_NAME)";
				SWIFT_EMIT_LOC_STRINGS = NO;
				SWIFT_VERSION = 5.0;
				TEST_HOST = "$(BUILT_PRODUCTS_DIR)/BlueButton.app/$(BUNDLE_EXECUTABLE_FOLDER_PATH)/BlueButton";
			};
			name = Release;
		};
		618F4A872A30E0B500C9F147 /* Debug */ = {
			isa = XCBuildConfiguration;
			buildSettings = {
				ALWAYS_EMBED_SWIFT_STANDARD_LIBRARIES = YES;
				CODE_SIGN_STYLE = Automatic;
				CURRENT_PROJECT_VERSION = 1;
				GENERATE_INFOPLIST_FILE = YES;
				MARKETING_VERSION = 1.0;
				PRODUCT_BUNDLE_IDENTIFIER = SWN.BlueButtonUITests;
				PRODUCT_NAME = "$(TARGET_NAME)";
				SWIFT_EMIT_LOC_STRINGS = NO;
				SWIFT_VERSION = 5.0;
				TEST_TARGET_NAME = BlueButton;
			};
			name = Debug;
		};
		618F4A882A30E0B500C9F147 /* Release */ = {
			isa = XCBuildConfiguration;
			buildSettings = {
				ALWAYS_EMBED_SWIFT_STANDARD_LIBRARIES = YES;
				CODE_SIGN_STYLE = Automatic;
				CURRENT_PROJECT_VERSION = 1;
				GENERATE_INFOPLIST_FILE = YES;
				MARKETING_VERSION = 1.0;
				PRODUCT_BUNDLE_IDENTIFIER = SWN.BlueButtonUITests;
				PRODUCT_NAME = "$(TARGET_NAME)";
				SWIFT_EMIT_LOC_STRINGS = NO;
				SWIFT_VERSION = 5.0;
				TEST_TARGET_NAME = BlueButton;
			};
			name = Release;
		};
/* End XCBuildConfiguration section */

/* Begin XCConfigurationList section */
		618F4A562A30E0B400C9F147 /* Build configuration list for PBXProject "BlueButton" */ = {
			isa = XCConfigurationList;
			buildConfigurations = (
				618F4A7E2A30E0B500C9F147 /* Debug */,
				618F4A7F2A30E0B500C9F147 /* Release */,
			);
			defaultConfigurationIsVisible = 0;
			defaultConfigurationName = Release;
		};
		618F4A802A30E0B500C9F147 /* Build configuration list for PBXNativeTarget "BlueButton" */ = {
			isa = XCConfigurationList;
			buildConfigurations = (
				618F4A812A30E0B500C9F147 /* Debug */,
				618F4A822A30E0B500C9F147 /* Release */,
			);
			defaultConfigurationIsVisible = 0;
			defaultConfigurationName = Release;
		};
		618F4A832A30E0B500C9F147 /* Build configuration list for PBXNativeTarget "BlueButtonTests" */ = {
			isa = XCConfigurationList;
			buildConfigurations = (
				618F4A842A30E0B500C9F147 /* Debug */,
				618F4A852A30E0B500C9F147 /* Release */,
			);
			defaultConfigurationIsVisible = 0;
			defaultConfigurationName = Release;
		};
		618F4A862A30E0B500C9F147 /* Build configuration list for PBXNativeTarget "BlueButtonUITests" */ = {
			isa = XCConfigurationList;
			buildConfigurations = (
				618F4A872A30E0B500C9F147 /* Debug */,
				618F4A882A30E0B500C9F147 /* Release */,
			);
			defaultConfigurationIsVisible = 0;
			defaultConfigurationName = Release;
		};
/* End XCConfigurationList section */
	};
	rootObject = 618F4A532A30E0B400C9F147 /* Project object */;
}
